// !$*UTF8*$!
{
	archiveVersion = 1;
	classes = {
	};
	objectVersion = 56;
	objects = {

/* Begin PBXBuildFile section */
		033F3F322A080C0F00347DB5 /* TableViewCell.swift in Sources */ = {isa = PBXBuildFile; fileRef = 033F3F312A080C0F00347DB5 /* TableViewCell.swift */; };
		033F3F342A080C4400347DB5 /* Constants.swift in Sources */ = {isa = PBXBuildFile; fileRef = 033F3F332A080C4400347DB5 /* Constants.swift */; };
		038390A42A018D1600BA11F1 /* AppDelegate.swift in Sources */ = {isa = PBXBuildFile; fileRef = 038390A32A018D1600BA11F1 /* AppDelegate.swift */; };
		038390A62A018D1600BA11F1 /* SceneDelegate.swift in Sources */ = {isa = PBXBuildFile; fileRef = 038390A52A018D1600BA11F1 /* SceneDelegate.swift */; };
		038390A82A018D1600BA11F1 /* ViewController.swift in Sources */ = {isa = PBXBuildFile; fileRef = 038390A72A018D1600BA11F1 /* ViewController.swift */; };
		038390AB2A018D1600BA11F1 /* Main.storyboard in Resources */ = {isa = PBXBuildFile; fileRef = 038390A92A018D1600BA11F1 /* Main.storyboard */; };
		038390AD2A018D1700BA11F1 /* Assets.xcassets in Resources */ = {isa = PBXBuildFile; fileRef = 038390AC2A018D1700BA11F1 /* Assets.xcassets */; };
		038390B02A018D1700BA11F1 /* LaunchScreen.storyboard in Resources */ = {isa = PBXBuildFile; fileRef = 038390AE2A018D1700BA11F1 /* LaunchScreen.storyboard */; };
		AB448ECC8E404905F43A4B69 /* Pods_myMemos.framework in Frameworks */ = {isa = PBXBuildFile; fileRef = A1CA4FBBB1A5237D84C63025 /* Pods_myMemos.framework */; };
/* End PBXBuildFile section */

/* Begin PBXFileReference section */
		033F3F312A080C0F00347DB5 /* TableViewCell.swift */ = {isa = PBXFileReference; lastKnownFileType = sourcecode.swift; path = TableViewCell.swift; sourceTree = "<group>"; };
		033F3F332A080C4400347DB5 /* Constants.swift */ = {isa = PBXFileReference; lastKnownFileType = sourcecode.swift; path = Constants.swift; sourceTree = "<group>"; };
		038390A02A018D1600BA11F1 /* myMemos.app */ = {isa = PBXFileReference; explicitFileType = wrapper.application; includeInIndex = 0; path = myMemos.app; sourceTree = BUILT_PRODUCTS_DIR; };
		038390A32A018D1600BA11F1 /* AppDelegate.swift */ = {isa = PBXFileReference; lastKnownFileType = sourcecode.swift; path = AppDelegate.swift; sourceTree = "<group>"; };
		038390A52A018D1600BA11F1 /* SceneDelegate.swift */ = {isa = PBXFileReference; lastKnownFileType = sourcecode.swift; path = SceneDelegate.swift; sourceTree = "<group>"; };
		038390A72A018D1600BA11F1 /* ViewController.swift */ = {isa = PBXFileReference; lastKnownFileType = sourcecode.swift; path = ViewController.swift; sourceTree = "<group>"; };
		038390AA2A018D1600BA11F1 /* Base */ = {isa = PBXFileReference; lastKnownFileType = file.storyboard; name = Base; path = Base.lproj/Main.storyboard; sourceTree = "<group>"; };
		038390AC2A018D1700BA11F1 /* Assets.xcassets */ = {isa = PBXFileReference; lastKnownFileType = folder.assetcatalog; path = Assets.xcassets; sourceTree = "<group>"; };
		038390AF2A018D1700BA11F1 /* Base */ = {isa = PBXFileReference; lastKnownFileType = file.storyboard; name = Base; path = Base.lproj/LaunchScreen.storyboard; sourceTree = "<group>"; };
		038390B12A018D1700BA11F1 /* Info.plist */ = {isa = PBXFileReference; lastKnownFileType = text.plist.xml; path = Info.plist; sourceTree = "<group>"; };
		0C8DCA8610B0B1E769BB2D68 /* Pods-myMemos.release.xcconfig */ = {isa = PBXFileReference; includeInIndex = 1; lastKnownFileType = text.xcconfig; name = "Pods-myMemos.release.xcconfig"; path = "Target Support Files/Pods-myMemos/Pods-myMemos.release.xcconfig"; sourceTree = "<group>"; };
		707F00AAE95721ADC5450A38 /* Pods-myMemos.debug.xcconfig */ = {isa = PBXFileReference; includeInIndex = 1; lastKnownFileType = text.xcconfig; name = "Pods-myMemos.debug.xcconfig"; path = "Target Support Files/Pods-myMemos/Pods-myMemos.debug.xcconfig"; sourceTree = "<group>"; };
		A1CA4FBBB1A5237D84C63025 /* Pods_myMemos.framework */ = {isa = PBXFileReference; explicitFileType = wrapper.framework; includeInIndex = 0; path = Pods_myMemos.framework; sourceTree = BUILT_PRODUCTS_DIR; };
/* End PBXFileReference section */

/* Begin PBXFrameworksBuildPhase section */
		0383909D2A018D1600BA11F1 /* Frameworks */ = {
			isa = PBXFrameworksBuildPhase;
			buildActionMask = 2147483647;
			files = (
				AB448ECC8E404905F43A4B69 /* Pods_myMemos.framework in Frameworks */,
			);
			runOnlyForDeploymentPostprocessing = 0;
		};
/* End PBXFrameworksBuildPhase section */

/* Begin PBXGroup section */
		038390972A018D1600BA11F1 = {
			isa = PBXGroup;
			children = (
				038390A22A018D1600BA11F1 /* myMemos */,
				038390A12A018D1600BA11F1 /* Products */,
				9E7B5F75EC2BC96D3EFA8B31 /* Pods */,
				DF277D08F0611D13B3BA0218 /* Frameworks */,
			);
			sourceTree = "<group>";
		};
		038390A12A018D1600BA11F1 /* Products */ = {
			isa = PBXGroup;
			children = (
				038390A02A018D1600BA11F1 /* myMemos.app */,
			);
			name = Products;
			sourceTree = "<group>";
		};
		038390A22A018D1600BA11F1 /* myMemos */ = {
			isa = PBXGroup;
			children = (
				038390A32A018D1600BA11F1 /* AppDelegate.swift */,
				038390A52A018D1600BA11F1 /* SceneDelegate.swift */,
				038390A72A018D1600BA11F1 /* ViewController.swift */,
				038390A92A018D1600BA11F1 /* Main.storyboard */,
				033F3F312A080C0F00347DB5 /* TableViewCell.swift */,
				033F3F332A080C4400347DB5 /* Constants.swift */,
				038390AC2A018D1700BA11F1 /* Assets.xcassets */,
				038390AE2A018D1700BA11F1 /* LaunchScreen.storyboard */,
				038390B12A018D1700BA11F1 /* Info.plist */,
			);
			path = myMemos;
			sourceTree = "<group>";
		};
		9E7B5F75EC2BC96D3EFA8B31 /* Pods */ = {
			isa = PBXGroup;
			children = (
				707F00AAE95721ADC5450A38 /* Pods-myMemos.debug.xcconfig */,
				0C8DCA8610B0B1E769BB2D68 /* Pods-myMemos.release.xcconfig */,
			);
			path = Pods;
			sourceTree = "<group>";
		};
		DF277D08F0611D13B3BA0218 /* Frameworks */ = {
			isa = PBXGroup;
			children = (
				A1CA4FBBB1A5237D84C63025 /* Pods_myMemos.framework */,
			);
			name = Frameworks;
			sourceTree = "<group>";
		};
/* End PBXGroup section */

/* Begin PBXNativeTarget section */
		0383909F2A018D1600BA11F1 /* myMemos */ = {
			isa = PBXNativeTarget;
			buildConfigurationList = 038390B42A018D1700BA11F1 /* Build configuration list for PBXNativeTarget "myMemos" */;
			buildPhases = (
				038390B72A02F78300BA11F1 /* ShellScript */,
				ED23C1F871BC6FEA4658AAFB /* [CP] Check Pods Manifest.lock */,
				0383909C2A018D1600BA11F1 /* Sources */,
				0383909D2A018D1600BA11F1 /* Frameworks */,
				0383909E2A018D1600BA11F1 /* Resources */,
			);
			buildRules = (
			);
			dependencies = (
			);
			name = myMemos;
			productName = myMemos;
			productReference = 038390A02A018D1600BA11F1 /* myMemos.app */;
			productType = "com.apple.product-type.application";
		};
/* End PBXNativeTarget section */

/* Begin PBXProject section */
		038390982A018D1600BA11F1 /* Project object */ = {
			isa = PBXProject;
			attributes = {
				BuildIndependentTargetsInParallel = 1;
				LastSwiftUpdateCheck = 1420;
				LastUpgradeCheck = 1420;
				TargetAttributes = {
					0383909F2A018D1600BA11F1 = {
						CreatedOnToolsVersion = 14.2;
					};
				};
			};
			buildConfigurationList = 0383909B2A018D1600BA11F1 /* Build configuration list for PBXProject "myMemos" */;
			compatibilityVersion = "Xcode 14.0";
			developmentRegion = en;
			hasScannedForEncodings = 0;
			knownRegions = (
				en,
				Base,
			);
			mainGroup = 038390972A018D1600BA11F1;
			productRefGroup = 038390A12A018D1600BA11F1 /* Products */;
			projectDirPath = "";
			projectRoot = "";
			targets = (
				0383909F2A018D1600BA11F1 /* myMemos */,
			);
		};
/* End PBXProject section */

/* Begin PBXResourcesBuildPhase section */
		0383909E2A018D1600BA11F1 /* Resources */ = {
			isa = PBXResourcesBuildPhase;
			buildActionMask = 2147483647;
			files = (
				038390B02A018D1700BA11F1 /* LaunchScreen.storyboard in Resources */,
				038390AD2A018D1700BA11F1 /* Assets.xcassets in Resources */,
				038390AB2A018D1600BA11F1 /* Main.storyboard in Resources */,
			);
			runOnlyForDeploymentPostprocessing = 0;
		};
/* End PBXResourcesBuildPhase section */

/* Begin PBXShellScriptBuildPhase section */
		038390B72A02F78300BA11F1 /* ShellScript */ = {
			isa = PBXShellScriptBuildPhase;
			alwaysOutOfDate = 1;
			buildActionMask = 2147483647;
			files = (
			);
			inputFileListPaths = (
			);
			inputPaths = (
			);
			outputFileListPaths = (
			);
			outputPaths = (
			);
			runOnlyForDeploymentPostprocessing = 0;
			shellPath = /bin/sh;
			shellScript = "${PODS_ROOT}/SwiftLint/swiftlint\n";
		};
		ED23C1F871BC6FEA4658AAFB /* [CP] Check Pods Manifest.lock */ = {
			isa = PBXShellScriptBuildPhase;
			buildActionMask = 2147483647;
			files = (
			);
			inputFileListPaths = (
			);
			inputPaths = (
				"${PODS_PODFILE_DIR_PATH}/Podfile.lock",
				"${PODS_ROOT}/Manifest.lock",
			);
			name = "[CP] Check Pods Manifest.lock";
			outputFileListPaths = (
			);
			outputPaths = (
				"$(DERIVED_FILE_DIR)/Pods-myMemos-checkManifestLockResult.txt",
			);
			runOnlyForDeploymentPostprocessing = 0;
			shellPath = /bin/sh;
			shellScript = "diff \"${PODS_PODFILE_DIR_PATH}/Podfile.lock\" \"${PODS_ROOT}/Manifest.lock\" > /dev/null\nif [ $? != 0 ] ; then\n    # print error to STDERR\n    echo \"error: The sandbox is not in sync with the Podfile.lock. Run 'pod install' or update your CocoaPods installation.\" >&2\n    exit 1\nfi\n# This output is used by Xcode 'outputs' to avoid re-running this script phase.\necho \"SUCCESS\" > \"${SCRIPT_OUTPUT_FILE_0}\"\n";
			showEnvVarsInLog = 0;
		};
/* End PBXShellScriptBuildPhase section */

/* Begin PBXSourcesBuildPhase section */
		0383909C2A018D1600BA11F1 /* Sources */ = {
			isa = PBXSourcesBuildPhase;
			buildActionMask = 2147483647;
			files = (
				033F3F342A080C4400347DB5 /* Constants.swift in Sources */,
				038390A82A018D1600BA11F1 /* ViewController.swift in Sources */,
				033F3F322A080C0F00347DB5 /* TableViewCell.swift in Sources */,
				038390A42A018D1600BA11F1 /* AppDelegate.swift in Sources */,
				038390A62A018D1600BA11F1 /* SceneDelegate.swift in Sources */,
			);
			runOnlyForDeploymentPostprocessing = 0;
		};
/* End PBXSourcesBuildPhase section */

/* Begin PBXVariantGroup section */
		038390A92A018D1600BA11F1 /* Main.storyboard */ = {
			isa = PBXVariantGroup;
			children = (
				038390AA2A018D1600BA11F1 /* Base */,
			);
			name = Main.storyboard;
			sourceTree = "<group>";
		};
		038390AE2A018D1700BA11F1 /* LaunchScreen.storyboard */ = {
			isa = PBXVariantGroup;
			children = (
				038390AF2A018D1700BA11F1 /* Base */,
			);
			name = LaunchScreen.storyboard;
			sourceTree = "<group>";
		};
/* End PBXVariantGroup section */

/* Begin XCBuildConfiguration section */
		038390B22A018D1700BA11F1 /* Debug */ = {
			isa = XCBuildConfiguration;
			buildSettings = {
				ALWAYS_SEARCH_USER_PATHS = NO;
				CLANG_ANALYZER_NONNULL = YES;
				CLANG_ANALYZER_NUMBER_OBJECT_CONVERSION = YES_AGGRESSIVE;
				CLANG_CXX_LANGUAGE_STANDARD = "gnu++20";
				CLANG_ENABLE_MODULES = YES;
				CLANG_ENABLE_OBJC_ARC = YES;
				CLANG_ENABLE_OBJC_WEAK = YES;
				CLANG_WARN_BLOCK_CAPTURE_AUTORELEASING = YES;
				CLANG_WARN_BOOL_CONVERSION = YES;
				CLANG_WARN_COMMA = YES;
				CLANG_WARN_CONSTANT_CONVERSION = YES;
				CLANG_WARN_DEPRECATED_OBJC_IMPLEMENTATIONS = YES;
				CLANG_WARN_DIRECT_OBJC_ISA_USAGE = YES_ERROR;
				CLANG_WARN_DOCUMENTATION_COMMENTS = YES;
				CLANG_WARN_EMPTY_BODY = YES;
				CLANG_WARN_ENUM_CONVERSION = YES;
				CLANG_WARN_INFINITE_RECURSION = YES;
				CLANG_WARN_INT_CONVERSION = YES;
				CLANG_WARN_NON_LITERAL_NULL_CONVERSION = YES;
				CLANG_WARN_OBJC_IMPLICIT_RETAIN_SELF = YES;
				CLANG_WARN_OBJC_LITERAL_CONVERSION = YES;
				CLANG_WARN_OBJC_ROOT_CLASS = YES_ERROR;
				CLANG_WARN_QUOTED_INCLUDE_IN_FRAMEWORK_HEADER = YES;
				CLANG_WARN_RANGE_LOOP_ANALYSIS = YES;
				CLANG_WARN_STRICT_PROTOTYPES = YES;
				CLANG_WARN_SUSPICIOUS_MOVE = YES;
				CLANG_WARN_UNGUARDED_AVAILABILITY = YES_AGGRESSIVE;
				CLANG_WARN_UNREACHABLE_CODE = YES;
				CLANG_WARN__DUPLICATE_METHOD_MATCH = YES;
				COPY_PHASE_STRIP = NO;
				DEBUG_INFORMATION_FORMAT = dwarf;
				ENABLE_STRICT_OBJC_MSGSEND = YES;
				ENABLE_TESTABILITY = YES;
				GCC_C_LANGUAGE_STANDARD = gnu11;
				GCC_DYNAMIC_NO_PIC = NO;
				GCC_NO_COMMON_BLOCKS = YES;
				GCC_OPTIMIZATION_LEVEL = 0;
				GCC_PREPROCESSOR_DEFINITIONS = (
					"DEBUG=1",
					"$(inherited)",
				);
				GCC_WARN_64_TO_32_BIT_CONVERSION = YES;
				GCC_WARN_ABOUT_RETURN_TYPE = YES_ERROR;
				GCC_WARN_UNDECLARED_SELECTOR = YES;
				GCC_WARN_UNINITIALIZED_AUTOS = YES_AGGRESSIVE;
				GCC_WARN_UNUSED_FUNCTION = YES;
				GCC_WARN_UNUSED_VARIABLE = YES;
				IPHONEOS_DEPLOYMENT_TARGET = 16.2;
				MTL_ENABLE_DEBUG_INFO = INCLUDE_SOURCE;
				MTL_FAST_MATH = YES;
				ONLY_ACTIVE_ARCH = YES;
				SDKROOT = iphoneos;
				SWIFT_ACTIVE_COMPILATION_CONDITIONS = DEBUG;
				SWIFT_OPTIMIZATION_LEVEL = "-Onone";
			};
			name = Debug;
		};
		038390B32A018D1700BA11F1 /* Release */ = {
			isa = XCBuildConfiguration;
			buildSettings = {
				ALWAYS_SEARCH_USER_PATHS = NO;
				CLANG_ANALYZER_NONNULL = YES;
				CLANG_ANALYZER_NUMBER_OBJECT_CONVERSION = YES_AGGRESSIVE;
				CLANG_CXX_LANGUAGE_STANDARD = "gnu++20";
				CLANG_ENABLE_MODULES = YES;
				CLANG_ENABLE_OBJC_ARC = YES;
				CLANG_ENABLE_OBJC_WEAK = YES;
				CLANG_WARN_BLOCK_CAPTURE_AUTORELEASING = YES;
				CLANG_WARN_BOOL_CONVERSION = YES;
				CLANG_WARN_COMMA = YES;
				CLANG_WARN_CONSTANT_CONVERSION = YES;
				CLANG_WARN_DEPRECATED_OBJC_IMPLEMENTATIONS = YES;
				CLANG_WARN_DIRECT_OBJC_ISA_USAGE = YES_ERROR;
				CLANG_WARN_DOCUMENTATION_COMMENTS = YES;
				CLANG_WARN_EMPTY_BODY = YES;
				CLANG_WARN_ENUM_CONVERSION = YES;
				CLANG_WARN_INFINITE_RECURSION = YES;
				CLANG_WARN_INT_CONVERSION = YES;
				CLANG_WARN_NON_LITERAL_NULL_CONVERSION = YES;
				CLANG_WARN_OBJC_IMPLICIT_RETAIN_SELF = YES;
				CLANG_WARN_OBJC_LITERAL_CONVERSION = YES;
				CLANG_WARN_OBJC_ROOT_CLASS = YES_ERROR;
				CLANG_WARN_QUOTED_INCLUDE_IN_FRAMEWORK_HEADER = YES;
				CLANG_WARN_RANGE_LOOP_ANALYSIS = YES;
				CLANG_WARN_STRICT_PROTOTYPES = YES;
				CLANG_WARN_SUSPICIOUS_MOVE = YES;
				CLANG_WARN_UNGUARDED_AVAILABILITY = YES_AGGRESSIVE;
				CLANG_WARN_UNREACHABLE_CODE = YES;
				CLANG_WARN__DUPLICATE_METHOD_MATCH = YES;
				COPY_PHASE_STRIP = NO;
				DEBUG_INFORMATION_FORMAT = "dwarf-with-dsym";
				ENABLE_NS_ASSERTIONS = NO;
				ENABLE_STRICT_OBJC_MSGSEND = YES;
				GCC_C_LANGUAGE_STANDARD = gnu11;
				GCC_NO_COMMON_BLOCKS = YES;
				GCC_WARN_64_TO_32_BIT_CONVERSION = YES;
				GCC_WARN_ABOUT_RETURN_TYPE = YES_ERROR;
				GCC_WARN_UNDECLARED_SELECTOR = YES;
				GCC_WARN_UNINITIALIZED_AUTOS = YES_AGGRESSIVE;
				GCC_WARN_UNUSED_FUNCTION = YES;
				GCC_WARN_UNUSED_VARIABLE = YES;
				IPHONEOS_DEPLOYMENT_TARGET = 16.2;
				MTL_ENABLE_DEBUG_INFO = NO;
				MTL_FAST_MATH = YES;
				SDKROOT = iphoneos;
				SWIFT_COMPILATION_MODE = wholemodule;
				SWIFT_OPTIMIZATION_LEVEL = "-O";
				VALIDATE_PRODUCT = YES;
			};
			name = Release;
		};
		038390B52A018D1700BA11F1 /* Debug */ = {
			isa = XCBuildConfiguration;
			baseConfigurationReference = 707F00AAE95721ADC5450A38 /* Pods-myMemos.debug.xcconfig */;
			buildSettings = {
				ASSETCATALOG_COMPILER_APPICON_NAME = AppIcon;
				ASSETCATALOG_COMPILER_GLOBAL_ACCENT_COLOR_NAME = AccentColor;
				CODE_SIGN_STYLE = Automatic;
				CURRENT_PROJECT_VERSION = 1;
				DEVELOPMENT_TEAM = 5G3L9PJKC3;
				GENERATE_INFOPLIST_FILE = YES;
				INFOPLIST_FILE = myMemos/Info.plist;
				INFOPLIST_KEY_UIApplicationSupportsIndirectInputEvents = YES;
				INFOPLIST_KEY_UILaunchStoryboardName = LaunchScreen;
				INFOPLIST_KEY_UIMainStoryboardFile = Main;
				INFOPLIST_KEY_UISupportedInterfaceOrientations_iPad = "UIInterfaceOrientationPortrait UIInterfaceOrientationPortraitUpsideDown UIInterfaceOrientationLandscapeLeft UIInterfaceOrientationLandscapeRight";
				INFOPLIST_KEY_UISupportedInterfaceOrientations_iPhone = "UIInterfaceOrientationPortrait UIInterfaceOrientationLandscapeLeft UIInterfaceOrientationLandscapeRight";
				LD_RUNPATH_SEARCH_PATHS = (
					"$(inherited)",
					"@executable_path/Frameworks",
				);
				MARKETING_VERSION = 1.0;
				PRODUCT_BUNDLE_IDENTIFIER = sashabravos.myMemos;
				PRODUCT_NAME = "$(TARGET_NAME)";
				SWIFT_EMIT_LOC_STRINGS = YES;
				SWIFT_VERSION = 5.0;
				TARGETED_DEVICE_FAMILY = "1,2";
			};
			name = Debug;
		};
		038390B62A018D1700BA11F1 /* Release */ = {
			isa = XCBuildConfiguration;
			baseConfigurationReference = 0C8DCA8610B0B1E769BB2D68 /* Pods-myMemos.release.xcconfig */;
			buildSettings = {
				ASSETCATALOG_COMPILER_APPICON_NAME = AppIcon;
				ASSETCATALOG_COMPILER_GLOBAL_ACCENT_COLOR_NAME = AccentColor;
				CODE_SIGN_STYLE = Automatic;
				CURRENT_PROJECT_VERSION = 1;
				DEVELOPMENT_TEAM = 5G3L9PJKC3;
				GENERATE_INFOPLIST_FILE = YES;
				INFOPLIST_FILE = myMemos/Info.plist;
				INFOPLIST_KEY_UIApplicationSupportsIndirectInputEvents = YES;
				INFOPLIST_KEY_UILaunchStoryboardName = LaunchScreen;
				INFOPLIST_KEY_UIMainStoryboardFile = Main;
				INFOPLIST_KEY_UISupportedInterfaceOrientations_iPad = "UIInterfaceOrientationPortrait UIInterfaceOrientationPortraitUpsideDown UIInterfaceOrientationLandscapeLeft UIInterfaceOrientationLandscapeRight";
				INFOPLIST_KEY_UISupportedInterfaceOrientations_iPhone = "UIInterfaceOrientationPortrait UIInterfaceOrientationLandscapeLeft UIInterfaceOrientationLandscapeRight";
				LD_RUNPATH_SEARCH_PATHS = (
					"$(inherited)",
					"@executable_path/Frameworks",
				);
				MARKETING_VERSION = 1.0;
				PRODUCT_BUNDLE_IDENTIFIER = sashabravos.myMemos;
				PRODUCT_NAME = "$(TARGET_NAME)";
				SWIFT_EMIT_LOC_STRINGS = YES;
				SWIFT_VERSION = 5.0;
				TARGETED_DEVICE_FAMILY = "1,2";
			};
			name = Release;
		};
/* End XCBuildConfiguration section */

/* Begin XCConfigurationList section */
		0383909B2A018D1600BA11F1 /* Build configuration list for PBXProject "myMemos" */ = {
			isa = XCConfigurationList;
			buildConfigurations = (
				038390B22A018D1700BA11F1 /* Debug */,
				038390B32A018D1700BA11F1 /* Release */,
			);
			defaultConfigurationIsVisible = 0;
			defaultConfigurationName = Release;
		};
		038390B42A018D1700BA11F1 /* Build configuration list for PBXNativeTarget "myMemos" */ = {
			isa = XCConfigurationList;
			buildConfigurations = (
				038390B52A018D1700BA11F1 /* Debug */,
				038390B62A018D1700BA11F1 /* Release */,
			);
			defaultConfigurationIsVisible = 0;
			defaultConfigurationName = Release;
		};
/* End XCConfigurationList section */
	};
	rootObject = 038390982A018D1600BA11F1 /* Project object */;
}
